
Microsoft Visual Studio Solution File, Format Version 12.00
# Visual Studio Version 16
VisualStudioVersion = 16.0.30621.155
MinimumVisualStudioVersion = 10.0.40219.1
Project("{FAE04EC0-301F-11D3-BF4B-00C04F79EFBC}") = "netzkern.MyBookstore.UI.Web.Mvc", "netzkern.MyBookstore.UI.Web.Mvc\netzkern.MyBookstore.UI.Web.Mvc.csproj", "{E95FE9D1-E58F-469A-99FF-7471DCFA4066}"
EndProject
Project("{FAE04EC0-301F-11D3-BF4B-00C04F79EFBC}") = "netzkern.MyBookstore.Data.EF", "netzkern.MyBookstore.Data.EF\netzkern.MyBookstore.Data.EF.csproj", "{06646184-2B7C-4CBA-8F48-2836EC31C32D}"
EndProject
Project("{00D1A9C2-B5F0-4AF3-8072-F6C62B433612}") = "DemoDB", "DemoDB\DemoDB.sqlproj", "{A75C7495-BD5F-4FC6-9671-BD26F9E58D18}"
EndProject
Project("{FAE04EC0-301F-11D3-BF4B-00C04F79EFBC}") = "netzkern.MyBookstore.BusinessLogic", "netzkern.MyBookstore.BusinessLogic\netzkern.MyBookstore.BusinessLogic.csproj", "{C621A988-101C-4347-B320-6FF1F180C959}"
EndProject
Global
	GlobalSection(SolutionConfigurationPlatforms) = preSolution
		Debug|Any CPU = Debug|Any CPU
		Release|Any CPU = Release|Any CPU
	EndGlobalSection
	GlobalSection(ProjectConfigurationPlatforms) = postSolution
		{E95FE9D1-E58F-469A-99FF-7471DCFA4066}.Debug|Any CPU.ActiveCfg = Debug|Any CPU
		{E95FE9D1-E58F-469A-99FF-7471DCFA4066}.Debug|Any CPU.Build.0 = Debug|Any CPU
		{E95FE9D1-E58F-469A-99FF-7471DCFA4066}.Release|Any CPU.ActiveCfg = Release|Any CPU
		{E95FE9D1-E58F-469A-99FF-7471DCFA4066}.Release|Any CPU.Build.0 = Release|Any CPU
		{06646184-2B7C-4CBA-8F48-2836EC31C32D}.Debug|Any CPU.ActiveCfg = Debug|Any CPU
		{06646184-2B7C-4CBA-8F48-2836EC31C32D}.Debug|Any CPU.Build.0 = Debug|Any CPU
		{06646184-2B7C-4CBA-8F48-2836EC31C32D}.Release|Any CPU.ActiveCfg = Release|Any CPU
		{06646184-2B7C-4CBA-8F48-2836EC31C32D}.Release|Any CPU.Build.0 = Release|Any CPU
		{A75C7495-BD5F-4FC6-9671-BD26F9E58D18}.Debug|Any CPU.ActiveCfg = Debug|Any CPU
		{A75C7495-BD5F-4FC6-9671-BD26F9E58D18}.Debug|Any CPU.Build.0 = Debug|Any CPU
		{A75C7495-BD5F-4FC6-9671-BD26F9E58D18}.Debug|Any CPU.Deploy.0 = Debug|Any CPU
		{A75C7495-BD5F-4FC6-9671-BD26F9E58D18}.Release|Any CPU.ActiveCfg = Release|Any CPU
		{A75C7495-BD5F-4FC6-9671-BD26F9E58D18}.Release|Any CPU.Build.0 = Release|Any CPU
		{A75C7495-BD5F-4FC6-9671-BD26F9E58D18}.Release|Any CPU.Deploy.0 = Release|Any CPU
		{C621A988-101C-4347-B320-6FF1F180C959}.Debug|Any CPU.ActiveCfg = Debug|Any CPU
		{C621A988-101C-4347-B320-6FF1F180C959}.Debug|Any CPU.Build.0 = Debug|Any CPU
		{C621A988-101C-4347-B320-6FF1F180C959}.Release|Any CPU.ActiveCfg = Release|Any CPU
		{C621A988-101C-4347-B320-6FF1F180C959}.Release|Any CPU.Build.0 = Release|Any CPU
	EndGlobalSection
	GlobalSection(SolutionProperties) = preSolution
		HideSolutionNode = FALSE
	EndGlobalSection
	GlobalSection(ExtensibilityGlobals) = postSolution
		SolutionGuid = {A2490532-CA29-4901-8539-53CEC8E76BCB}
	EndGlobalSection
EndGlobal
